<?xml version="1.0" encoding="utf-8"?>
<Project ToolsVersion="4.0" xmlns="http://schemas.microsoft.com/developer/msbuild/2003">
  <ItemGroup>
    <Filter Include="Source Files">
      <UniqueIdentifier>{4FC737F1-C7A5-4376-A066-2A32D752A2FF}</UniqueIdentifier>
      <Extensions>cpp;c;cc;cxx;def;odl;idl;hpj;bat;asm;asmx</Extensions>
    </Filter>
    <Filter Include="Resource Files">
      <UniqueIdentifier>{67DA6AB6-F800-4c08-8B7A-83BB121AAD01}</UniqueIdentifier>
      <Extensions>rc;ico;cur;bmp;dlg;rc2;rct;bin;rgs;gif;jpg;jpeg;jpe;resx;tiff;tif;png;wav;mfcribbon-ms</Extensions>
    </Filter>
    <Filter Include="Resource Files\Header Files">
      <UniqueIdentifier>{93995380-89BD-4b04-88EB-625FBE52EBFB}</UniqueIdentifier>
      <Extensions>h;hh;hpp;hxx;hm;inl;inc;xsd</Extensions>
    </Filter>
  </ItemGroup>
  <ItemGroup>
    <ClCompile Include="..\comm_frequency_limit.cc">
      <Filter>Resource Files\Header Files</Filter>
    </ClCompile>
    <ClCompile Include="..\assert\__assert.c">
      <Filter>Source Files</Filter>
    </ClCompile>
    <ClCompile Include="..\windows\zlib\adler32.c">
      <Filter>Source Files</Filter>
    </ClCompile>
    <ClCompile Include="..\alarm.cc">
      <Filter>Source Files</Filter>
    </ClCompile>
    <ClCompile Include="..\anr.cc">
      <Filter>Source Files</Filter>
    </ClCompile>
    <ClCompile Include="..\autobuffer.cc">
      <Filter>Source Files</Filter>
    </ClCompile>
    <ClCompile Include="..\basepacker.cc">
      <Filter>Source Files</Filter>
    </ClCompile>
    <ClCompile Include="..\socket\block_socket.cc">
      <Filter>Source Files</Filter>
    </ClCompile>
    <ClCompile Include="..\socket\complexconnect.cc">
      <Filter>Source Files</Filter>
    </ClCompile>
    <ClCompile Include="..\windows\zlib\compress.c">
      <Filter>Source Files</Filter>
    </ClCompile>
    <ClCompile Include="..\corepattern\coreservice_base.cc">
      <Filter>Source Files</Filter>
    </ClCompile>
    <ClCompile Include="..\windows\zlib\crc32.c">
      <Filter>Source Files</Filter>
    </ClCompile>
    <ClCompile Include="..\windows\zlib\deflate.c">
      <Filter>Source Files</Filter>
    </ClCompile>
    <ClCompile Include="..\dns\dns.cc">
      <Filter>Source Files</Filter>
    </ClCompile>
    <ClCompile Include="..\network\getdnssvraddrs.cc">
      <Filter>Source Files</Filter>
    </ClCompile>
    <ClCompile Include="..\network\getgateway.c">
      <Filter>Source Files</Filter>
    </ClCompile>
    <ClCompile Include="..\windows\zlib\gzclose.c">
      <Filter>Source Files</Filter>
    </ClCompile>
    <ClCompile Include="..\windows\zlib\gzlib.c">
      <Filter>Source Files</Filter>
    </ClCompile>
    <ClCompile Include="..\windows\zlib\gzread.c">
      <Filter>Source Files</Filter>
    </ClCompile>
    <ClCompile Include="..\windows\zlib\gzwrite.c">
      <Filter>Source Files</Filter>
    </ClCompile>
    <ClCompile Include="..\crypt\ibase64.cc">
      <Filter>Source Files</Filter>
    </ClCompile>
    <ClCompile Include="..\windows\zlib\infback.c">
      <Filter>Source Files</Filter>
    </ClCompile>
    <ClCompile Include="..\windows\zlib\inffast.c">
      <Filter>Source Files</Filter>
    </ClCompile>
    <ClCompile Include="..\windows\zlib\inflate.c">
      <Filter>Source Files</Filter>
    </ClCompile>
    <ClCompile Include="..\windows\zlib\inftrees.c">
      <Filter>Source Files</Filter>
    </ClCompile>
    <ClCompile Include="..\socket\local_ipstack.cc">
      <Filter>Source Files</Filter>
    </ClCompile>
    <ClCompile Include="..\memdbg.cc">
      <Filter>Source Files</Filter>
    </ClCompile>
    <ClCompile Include="..\md5.c">
      <Filter>Source Files</Filter>
    </ClCompile>
    <ClCompile Include="..\messagequeue\message_queue.cc">
      <Filter>Source Files</Filter>
    </ClCompile>
    <ClCompile Include="..\mmap_util.cc">
      <Filter>Source Files</Filter>
    </ClCompile>
    <ClCompile Include="..\windows\win32\NetUtil.cpp">
      <Filter>Source Files</Filter>
    </ClCompile>
    <ClCompile Include="..\crypt\pkcs7_padding.c">
      <Filter>Source Files</Filter>
    </ClCompile>
    <ClCompile Include="..\windows\win32\platform_comm.cpp">
      <Filter>Source Files</Filter>
    </ClCompile>
    <ClCompile Include="..\ptrbuffer.cc">
      <Filter>Source Files</Filter>
    </ClCompile>
    <ClCompile Include="..\singleton.cc">
      <Filter>Source Files</Filter>
    </ClCompile>
    <ClCompile Include="..\socket\socket_address.cc">
      <Filter>Source Files</Filter>
    </ClCompile>
    <ClCompile Include="..\strutil.cc">
      <Filter>Source Files</Filter>
    </ClCompile>
    <ClCompile Include="..\socket\tcpclient.cc">
      <Filter>Source Files</Filter>
    </ClCompile>
    <ClCompile Include="..\socket\tcpclient_fsm.cc">
      <Filter>Source Files</Filter>
    </ClCompile>
    <ClCompile Include="..\socket\tcpserver.cc">
      <Filter>Source Files</Filter>
    </ClCompile>
    <ClCompile Include="..\socket\tcpserver_fsm.cc">
      <Filter>Source Files</Filter>
    </ClCompile>
    <ClCompile Include="..\tickcount.cc">
      <Filter>Source Files</Filter>
    </ClCompile>
    <ClCompile Include="..\windows\sys\time.c">
      <Filter>Source Files</Filter>
    </ClCompile>
    <ClCompile Include="..\time_utils.c">
      <Filter>Source Files</Filter>
    </ClCompile>
    <ClCompile Include="..\tinyxml2.cc">
      <Filter>Source Files</Filter>
    </ClCompile>
    <ClCompile Include="..\windows\zlib\trees.c">
      <Filter>Source Files</Filter>
    </ClCompile>
    <ClCompile Include="..\windows\TssGC.cpp">
      <Filter>Source Files</Filter>
    </ClCompile>
    <ClCompile Include="..\socket\udpclient.cc">
      <Filter>Source Files</Filter>
    </ClCompile>
    <ClCompile Include="..\socket\udpserver.cc">
      <Filter>Source Files</Filter>
    </ClCompile>
    <ClCompile Include="..\windows\zlib\uncompr.c">
      <Filter>Source Files</Filter>
    </ClCompile>
    <ClCompile Include="..\windows\unistd.c">
      <Filter>Source Files</Filter>
    </ClCompile>
    <ClCompile Include="..\windows\xlogger_threadinfo.cpp">
      <Filter>Source Files</Filter>
    </ClCompile>
    <ClCompile Include="..\xlogger\xloggerbase.c">
      <Filter>Source Files</Filter>
    </ClCompile>
    <ClCompile Include="..\windows\zlib\zutil.c">
      <Filter>Source Files</Filter>
    </ClCompile>
    <ClCompile Include="..\windows\SocketSelect\socketselect2.cc">
      <Filter>Source Files</Filter>
    </ClCompile>
    <ClCompile Include="..\socket\unix_socket.cc">
      <Filter>Source Files</Filter>
    </ClCompile>
    <ClCompile Include="..\http.cc">
      <Filter>Source Files</Filter>
    </ClCompile>
    <ClCompile Include="..\network\getifaddrs.cc">
      <Filter>Source Files</Filter>
    </ClCompile>
    <ClCompile Include="..\network\netinfo_util.cc">
      <Filter>Source Files</Filter>
    </ClCompile>
    <ClCompile Include="..\xlogger\loginfo_extract.c">
      <Filter>Source Files</Filter>
    </ClCompile>
    <ClCompile Include="..\boost_exception.cc">
      <Filter>Source Files</Filter>
    </ClCompile>
    <ClCompile Include="..\socket\nat64_prefix_util.cc">
      <Filter>Source Files</Filter>
    </ClCompile>
  </ItemGroup>
  <ItemGroup>
    <ClInclude Include="..\assert\__assert.h">
      <Filter>Resource Files\Header Files</Filter>
    </ClInclude>
    <ClInclude Include="..\adler32.h">
      <Filter>Resource Files\Header Files</Filter>
    </ClInclude>
    <ClInclude Include="..\alarm.h">
      <Filter>Resource Files\Header Files</Filter>
    </ClInclude>
    <ClInclude Include="..\xlogger\android_xlog.h">
      <Filter>Resource Files\Header Files</Filter>
    </ClInclude>
    <ClInclude Include="..\anr.h">
      <Filter>Resource Files\Header Files</Filter>
    </ClInclude>
    <ClInclude Include="..\thread\atomic_oper.h">
      <Filter>Resource Files\Header Files</Filter>
    </ClInclude>
    <ClInclude Include="..\autobuffer.h">
      <Filter>Resource Files\Header Files</Filter>
    </ClInclude>
    <ClInclude Include="..\basepacker.h">
      <Filter>Resource Files\Header Files</Filter>
    </ClInclude>
    <ClInclude Include="..\thread\bind.h">
      <Filter>Resource Files\Header Files</Filter>
    </ClInclude>
    <ClInclude Include="..\socket\block_socket.h">
      <Filter>Resource Files\Header Files</Filter>
    </ClInclude>
    <ClInclude Include="..\bootregister.h">
      <Filter>Resource Files\Header Files</Filter>
    </ClInclude>
    <ClInclude Include="..\bootrun.h">
      <Filter>Resource Files\Header Files</Filter>
    </ClInclude>
    <ClInclude Include="..\windows\sys\cdefs.h">
      <Filter>Resource Files\Header Files</Filter>
    </ClInclude>
    <ClInclude Include="..\comm_frequency_limit.h">
      <Filter>Resource Files\Header Files</Filter>
    </ClInclude>
    <ClInclude Include="..\compiler_util.h">
      <Filter>Resource Files\Header Files</Filter>
    </ClInclude>
    <ClInclude Include="..\socket\complexconnect.h">
      <Filter>Resource Files\Header Files</Filter>
    </ClInclude>
    <ClInclude Include="..\windows\thread\condition.h">
      <Filter>Resource Files\Header Files</Filter>
    </ClInclude>
    <ClInclude Include="..\thread\condition.h">
      <Filter>Resource Files\Header Files</Filter>
    </ClInclude>
    <ClInclude Include="..\copy_wrapper.h">
      <Filter>Resource Files\Header Files</Filter>
    </ClInclude>
    <ClInclude Include="..\corepattern\coreservice_base.h">
      <Filter>Resource Files\Header Files</Filter>
    </ClInclude>
    <ClInclude Include="..\windows\zlib\crc32.h">
      <Filter>Resource Files\Header Files</Filter>
    </ClInclude>
    <ClInclude Include="..\cxxnamespacefix.h">
      <Filter>Resource Files\Header Files</Filter>
    </ClInclude>
    <ClInclude Include="..\windows\zlib\deflate.h">
      <Filter>Resource Files\Header Files</Filter>
    </ClInclude>
    <ClInclude Include="..\dns\dns.h">
      <Filter>Resource Files\Header Files</Filter>
    </ClInclude>
    <ClInclude Include="..\network\getdnssvraddrs.h">
      <Filter>Resource Files\Header Files</Filter>
    </ClInclude>
    <ClInclude Include="..\network\getgateway.h">
      <Filter>Resource Files\Header Files</Filter>
    </ClInclude>
    <ClInclude Include="..\windows\zlib\gzguts.h">
      <Filter>Resource Files\Header Files</Filter>
    </ClInclude>
    <ClInclude Include="..\has_member.h">
      <Filter>Resource Files\Header Files</Filter>
    </ClInclude>
    <ClInclude Include="..\crypt\ibase64.h">
      <Filter>Resource Files\Header Files</Filter>
    </ClInclude>
    <ClInclude Include="..\windows\zlib\inffast.h">
      <Filter>Resource Files\Header Files</Filter>
    </ClInclude>
    <ClInclude Include="..\windows\zlib\inffixed.h">
      <Filter>Resource Files\Header Files</Filter>
    </ClInclude>
    <ClInclude Include="..\windows\zlib\inflate.h">
      <Filter>Resource Files\Header Files</Filter>
    </ClInclude>
    <ClInclude Include="..\windows\zlib\inftrees.h">
      <Filter>Resource Files\Header Files</Filter>
    </ClInclude>
    <ClInclude Include="..\ini.h">
      <Filter>Resource Files\Header Files</Filter>
    </ClInclude>
    <ClInclude Include="..\socket\ipv6_address_utils.h">
      <Filter>Resource Files\Header Files</Filter>
    </ClInclude>
    <ClInclude Include="..\socket\local_ipstack.h">
      <Filter>Resource Files\Header Files</Filter>
    </ClInclude>
    <ClInclude Include="..\windows\thread\lock.h">
      <Filter>Resource Files\Header Files</Filter>
    </ClInclude>
    <ClInclude Include="..\thread\lock.h">
      <Filter>Resource Files\Header Files</Filter>
    </ClInclude>
    <ClInclude Include="..\marcotoolkit.h">
      <Filter>Resource Files\Header Files</Filter>
    </ClInclude>
    <ClInclude Include="..\md5.h">
      <Filter>Resource Files\Header Files</Filter>
    </ClInclude>
    <ClInclude Include="..\memdbg.h">
      <Filter>Resource Files\Header Files</Filter>
    </ClInclude>
    <ClInclude Include="..\messagequeue\message_queue.h">
      <Filter>Resource Files\Header Files</Filter>
    </ClInclude>
    <ClInclude Include="..\messagequeue\message_queue_utils.h">
      <Filter>Resource Files\Header Files</Filter>
    </ClInclude>
    <ClInclude Include="..\mmap_util.h">
      <Filter>Resource Files\Header Files</Filter>
    </ClInclude>
    <ClInclude Include="..\thread\mutex.h">
      <Filter>Resource Files\Header Files</Filter>
    </ClInclude>
    <ClInclude Include="..\thread\mutexvector.h">
      <Filter>Resource Files\Header Files</Filter>
    </ClInclude>
    <ClInclude Include="..\windows\win32\NetUtil.h">
      <Filter>Resource Files\Header Files</Filter>
    </ClInclude>
    <ClInclude Include="..\crypt\pkcs7_padding.h">
      <Filter>Resource Files\Header Files</Filter>
    </ClInclude>
    <ClInclude Include="..\platform_comm.h">
      <Filter>Resource Files\Header Files</Filter>
    </ClInclude>
    <ClInclude Include="..\xlogger\preprocessor.h">
      <Filter>Resource Files\Header Files</Filter>
    </ClInclude>
    <ClInclude Include="..\windows\projdef.h">
      <Filter>Resource Files\Header Files</Filter>
    </ClInclude>
    <ClInclude Include="..\ptrbuffer.h">
      <Filter>Resource Files\Header Files</Filter>
    </ClInclude>
    <ClInclude Include="..\thread\runnable.h">
      <Filter>Resource Files\Header Files</Filter>
    </ClInclude>
    <ClInclude Include="..\scope_recursion_limit.h">
      <Filter>Resource Files\Header Files</Filter>
    </ClInclude>
    <ClInclude Include="..\corepattern\service_base.h">
      <Filter>Resource Files\Header Files</Filter>
    </ClInclude>
    <ClInclude Include="..\singleton.h">
      <Filter>Resource Files\Header Files</Filter>
    </ClInclude>
    <ClInclude Include="..\socket\socket_address.h">
      <Filter>Resource Files\Header Files</Filter>
    </ClInclude>
    <ClInclude Include="..\socket\socketselect.h">
      <Filter>Resource Files\Header Files</Filter>
    </ClInclude>
    <ClInclude Include="..\windows\SocketSelect\SocketSelect.h">
      <Filter>Resource Files\Header Files</Filter>
    </ClInclude>
    <ClInclude Include="..\thread\spinlock.h">
      <Filter>Resource Files\Header Files</Filter>
    </ClInclude>
    <ClInclude Include="..\debugger\spy_base.h">
      <Filter>Resource Files\Header Files</Filter>
    </ClInclude>
    <ClInclude Include="..\strutil.h">
      <Filter>Resource Files\Header Files</Filter>
    </ClInclude>
    <ClInclude Include="..\socket\tcp_fsm_handler.h">
      <Filter>Resource Files\Header Files</Filter>
    </ClInclude>
    <ClInclude Include="..\socket\tcpclient.h">
      <Filter>Resource Files\Header Files</Filter>
    </ClInclude>
    <ClInclude Include="..\socket\tcpclient_fsm.h">
      <Filter>Resource Files\Header Files</Filter>
    </ClInclude>
    <ClInclude Include="..\socket\tcpserver.h">
      <Filter>Resource Files\Header Files</Filter>
    </ClInclude>
    <ClInclude Include="..\socket\tcpserver_fsm.h">
      <Filter>Resource Files\Header Files</Filter>
    </ClInclude>
    <ClInclude Include="..\thread\thread.h">
      <Filter>Resource Files\Header Files</Filter>
    </ClInclude>
    <ClInclude Include="..\windows\thread\thread.h">
      <Filter>Resource Files\Header Files</Filter>
    </ClInclude>
    <ClInclude Include="..\tickcount.h">
      <Filter>Resource Files\Header Files</Filter>
    </ClInclude>
    <ClInclude Include="..\windows\sys\time.h">
      <Filter>Resource Files\Header Files</Filter>
    </ClInclude>
    <ClInclude Include="..\time_utils.h">
      <Filter>Resource Files\Header Files</Filter>
    </ClInclude>
    <ClInclude Include="..\tinyxml2.h">
      <Filter>Resource Files\Header Files</Filter>
    </ClInclude>
    <ClInclude Include="..\windows\zlib\trees.h">
      <Filter>Resource Files\Header Files</Filter>
    </ClInclude>
    <ClInclude Include="..\windows\thread\tss.h">
      <Filter>Resource Files\Header Files</Filter>
    </ClInclude>
    <ClInclude Include="..\thread\tss.h">
      <Filter>Resource Files\Header Files</Filter>
    </ClInclude>
    <ClInclude Include="..\windows\TssGC.h">
      <Filter>Resource Files\Header Files</Filter>
    </ClInclude>
    <ClInclude Include="..\socket\udpclient.h">
      <Filter>Resource Files\Header Files</Filter>
    </ClInclude>
    <ClInclude Include="..\socket\udpserver.h">
      <Filter>Resource Files\Header Files</Filter>
    </ClInclude>
    <ClInclude Include="..\windows\unistd.h">
      <Filter>Resource Files\Header Files</Filter>
    </ClInclude>
    <ClInclude Include="..\socket\unix_socket.h">
      <Filter>Resource Files\Header Files</Filter>
    </ClInclude>
    <ClInclude Include="..\verinfo.h">
      <Filter>Resource Files\Header Files</Filter>
    </ClInclude>
    <ClInclude Include="..\windows\win32\winhttp.h">
      <Filter>Resource Files\Header Files</Filter>
    </ClInclude>
    <ClInclude Include="..\xlogger\xlogger.h">
      <Filter>Resource Files\Header Files</Filter>
    </ClInclude>
    <ClInclude Include="..\xlogger\xloggerbase.h">
      <Filter>Resource Files\Header Files</Filter>
    </ClInclude>
    <ClInclude Include="..\windows\zlib\zconf.h">
      <Filter>Resource Files\Header Files</Filter>
    </ClInclude>
    <ClInclude Include="..\windows\zlib\zlib.h">
      <Filter>Resource Files\Header Files</Filter>
    </ClInclude>
    <ClInclude Include="..\windows\zlib\zutil.h">
      <Filter>Resource Files\Header Files</Filter>
    </ClInclude>
    <ClInclude Include="..\windows\SocketSelect\socketselect2.h">
      <Filter>Resource Files\Header Files</Filter>
    </ClInclude>
    <ClInclude Include="..\http.h">
      <Filter>Resource Files\Header Files</Filter>
    </ClInclude>
    <ClInclude Include="..\network\getifaddrs.h">
      <Filter>Resource Files\Header Files</Filter>
    </ClInclude>
    <ClInclude Include="..\network\netinfo_util.h">
      <Filter>Resource Files\Header Files</Filter>
    </ClInclude>
  </ItemGroup>
  <ItemGroup>
    <None Include="..\corepattern\ServiceImpl.inl">
      <Filter>Resource Files\Header Files</Filter>
    </None>
    <None Include="..\debugger\spy.inl">
      <Filter>Resource Files\Header Files</Filter>
    </None>
    <None Include="..\debugger\spy_impl_helper.inl">
      <Filter>Resource Files\Header Files</Filter>
    </None>
  </ItemGroup>
  <ItemGroup>
    <Text Include="ReadMe.txt">
      <Filter>Resource Files\Header Files</Filter>
    </Text>
  </ItemGroup>
</Project>